// !$*UTF8*$!
{
	archiveVersion = 1;
	classes = {
	};
	objectVersion = 46;
	objects = {

/* Begin PBXBuildFile section */
		764DCD7B1F1BE1B000301008 /* AppDelegate.swift in Sources */ = {isa = PBXBuildFile; fileRef = 764DCD7A1F1BE1B000301008 /* AppDelegate.swift */; };
		764DCD7F1F1BE1B000301008 /* GameViewController.swift in Sources */ = {isa = PBXBuildFile; fileRef = 764DCD7E1F1BE1B000301008 /* GameViewController.swift */; };
		764DCD821F1BE1B000301008 /* Main.storyboard in Resources */ = {isa = PBXBuildFile; fileRef = 764DCD801F1BE1B000301008 /* Main.storyboard */; };
		764DCD841F1BE1B000301008 /* Assets.xcassets in Resources */ = {isa = PBXBuildFile; fileRef = 764DCD831F1BE1B000301008 /* Assets.xcassets */; };
		764DCD871F1BE1B000301008 /* LaunchScreen.storyboard in Resources */ = {isa = PBXBuildFile; fileRef = 764DCD851F1BE1B000301008 /* LaunchScreen.storyboard */; };
		764DCD8F1F1BE4D800301008 /* GameScene.swift in Sources */ = {isa = PBXBuildFile; fileRef = 764DCD8E1F1BE4D800301008 /* GameScene.swift */; };
		764DCD931F1BE8C600301008 /* BearImages.atlas in Resources */ = {isa = PBXBuildFile; fileRef = 764DCD921F1BE8C600301008 /* BearImages.atlas */; };
		769EC8021F1C352C00541ACD /* SpriteKit.framework in Frameworks */ = {isa = PBXBuildFile; fileRef = 769EC8011F1C352C00541ACD /* SpriteKit.framework */; };
		769EC8041F1C577A00541ACD /* explosion.atlas in Resources */ = {isa = PBXBuildFile; fileRef = 769EC8031F1C577A00541ACD /* explosion.atlas */; };
		769EC8061F1C65D000541ACD /* loading.atlas in Resources */ = {isa = PBXBuildFile; fileRef = 769EC8051F1C65D000541ACD /* loading.atlas */; };
		769EC8081F1C6DD000541ACD /* LoadingTransitioningManager.swift in Sources */ = {isa = PBXBuildFile; fileRef = 769EC8071F1C6DD000541ACD /* LoadingTransitioningManager.swift */; };
		769EC80A1F1C6E4300541ACD /* InitialViewController.swift in Sources */ = {isa = PBXBuildFile; fileRef = 769EC8091F1C6E4300541ACD /* InitialViewController.swift */; };
		769EC80D1F1C711B00541ACD /* LoadingPresentationController.swift in Sources */ = {isa = PBXBuildFile; fileRef = 769EC80C1F1C711B00541ACD /* LoadingPresentationController.swift */; };
		769EC80F1F1C791700541ACD /* LoadingPresentationAnimator.swift in Sources */ = {isa = PBXBuildFile; fileRef = 769EC80E1F1C791700541ACD /* LoadingPresentationAnimator.swift */; };
/* End PBXBuildFile section */

/* Begin PBXFileReference section */
		764DCD771F1BE1B000301008 /* SpriteTutorial.app */ = {isa = PBXFileReference; explicitFileType = wrapper.application; includeInIndex = 0; path = SpriteTutorial.app; sourceTree = BUILT_PRODUCTS_DIR; };
		764DCD7A1F1BE1B000301008 /* AppDelegate.swift */ = {isa = PBXFileReference; lastKnownFileType = sourcecode.swift; path = AppDelegate.swift; sourceTree = "<group>"; };
		764DCD7E1F1BE1B000301008 /* GameViewController.swift */ = {isa = PBXFileReference; lastKnownFileType = sourcecode.swift; path = GameViewController.swift; sourceTree = "<group>"; };
		764DCD811F1BE1B000301008 /* Base */ = {isa = PBXFileReference; lastKnownFileType = file.storyboard; name = Base; path = Base.lproj/Main.storyboard; sourceTree = "<group>"; };
		764DCD831F1BE1B000301008 /* Assets.xcassets */ = {isa = PBXFileReference; lastKnownFileType = folder.assetcatalog; path = Assets.xcassets; sourceTree = "<group>"; };
		764DCD861F1BE1B000301008 /* Base */ = {isa = PBXFileReference; lastKnownFileType = file.storyboard; name = Base; path = Base.lproj/LaunchScreen.storyboard; sourceTree = "<group>"; };
		764DCD881F1BE1B000301008 /* Info.plist */ = {isa = PBXFileReference; lastKnownFileType = text.plist.xml; path = Info.plist; sourceTree = "<group>"; };
		764DCD8E1F1BE4D800301008 /* GameScene.swift */ = {isa = PBXFileReference; fileEncoding = 4; lastKnownFileType = sourcecode.swift; path = GameScene.swift; sourceTree = "<group>"; };
		764DCD921F1BE8C600301008 /* BearImages.atlas */ = {isa = PBXFileReference; lastKnownFileType = folder.skatlas; path = BearImages.atlas; sourceTree = "<group>"; };
		769EC8011F1C352C00541ACD /* SpriteKit.framework */ = {isa = PBXFileReference; lastKnownFileType = wrapper.framework; name = SpriteKit.framework; path = System/Library/Frameworks/SpriteKit.framework; sourceTree = SDKROOT; };
		769EC8031F1C577A00541ACD /* explosion.atlas */ = {isa = PBXFileReference; lastKnownFileType = folder.skatlas; path = explosion.atlas; sourceTree = "<group>"; };
		769EC8051F1C65D000541ACD /* loading.atlas */ = {isa = PBXFileReference; lastKnownFileType = folder.skatlas; path = loading.atlas; sourceTree = "<group>"; };
		769EC8071F1C6DD000541ACD /* LoadingTransitioningManager.swift */ = {isa = PBXFileReference; fileEncoding = 4; lastKnownFileType = sourcecode.swift; path = LoadingTransitioningManager.swift; sourceTree = "<group>"; };
		769EC8091F1C6E4300541ACD /* InitialViewController.swift */ = {isa = PBXFileReference; fileEncoding = 4; lastKnownFileType = sourcecode.swift; path = InitialViewController.swift; sourceTree = "<group>"; };
		769EC80C1F1C711B00541ACD /* LoadingPresentationController.swift */ = {isa = PBXFileReference; fileEncoding = 4; lastKnownFileType = sourcecode.swift; path = LoadingPresentationController.swift; sourceTree = "<group>"; };
		769EC80E1F1C791700541ACD /* LoadingPresentationAnimator.swift */ = {isa = PBXFileReference; fileEncoding = 4; lastKnownFileType = sourcecode.swift; path = LoadingPresentationAnimator.swift; sourceTree = "<group>"; };
/* End PBXFileReference section */

/* Begin PBXFrameworksBuildPhase section */
		764DCD741F1BE1B000301008 /* Frameworks */ = {
			isa = PBXFrameworksBuildPhase;
			buildActionMask = 2147483647;
			files = (
				769EC8021F1C352C00541ACD /* SpriteKit.framework in Frameworks */,
			);
			runOnlyForDeploymentPostprocessing = 0;
		};
/* End PBXFrameworksBuildPhase section */

/* Begin PBXGroup section */
		764DCD6E1F1BE1B000301008 = {
			isa = PBXGroup;
			children = (
				769EC8011F1C352C00541ACD /* SpriteKit.framework */,
				764DCD791F1BE1B000301008 /* SpriteTutorial */,
				764DCD781F1BE1B000301008 /* Products */,
			);
			sourceTree = "<group>";
		};
		764DCD781F1BE1B000301008 /* Products */ = {
			isa = PBXGroup;
			children = (
				764DCD771F1BE1B000301008 /* SpriteTutorial.app */,
			);
			name = Products;
			sourceTree = "<group>";
		};
		764DCD791F1BE1B000301008 /* SpriteTutorial */ = {
			isa = PBXGroup;
			children = (
				769EC80B1F1C70FA00541ACD /* Presentation */,
				769EC8051F1C65D000541ACD /* loading.atlas */,
				769EC8031F1C577A00541ACD /* explosion.atlas */,
				764DCD921F1BE8C600301008 /* BearImages.atlas */,
				764DCD7A1F1BE1B000301008 /* AppDelegate.swift */,
				764DCD7E1F1BE1B000301008 /* GameViewController.swift */,
				764DCD801F1BE1B000301008 /* Main.storyboard */,
				764DCD831F1BE1B000301008 /* Assets.xcassets */,
				764DCD851F1BE1B000301008 /* LaunchScreen.storyboard */,
				764DCD881F1BE1B000301008 /* Info.plist */,
				764DCD8E1F1BE4D800301008 /* GameScene.swift */,
				769EC8091F1C6E4300541ACD /* InitialViewController.swift */,
			);
			path = SpriteTutorial;
			sourceTree = "<group>";
		};
		769EC80B1F1C70FA00541ACD /* Presentation */ = {
			isa = PBXGroup;
			children = (
				769EC8071F1C6DD000541ACD /* LoadingTransitioningManager.swift */,
				769EC80C1F1C711B00541ACD /* LoadingPresentationController.swift */,
				769EC80E1F1C791700541ACD /* LoadingPresentationAnimator.swift */,
			);
			name = Presentation;
			sourceTree = "<group>";
		};
/* End PBXGroup section */

/* Begin PBXNativeTarget section */
		764DCD761F1BE1B000301008 /* SpriteTutorial */ = {
			isa = PBXNativeTarget;
			buildConfigurationList = 764DCD8B1F1BE1B000301008 /* Build configuration list for PBXNativeTarget "SpriteTutorial" */;
			buildPhases = (
				764DCD731F1BE1B000301008 /* Sources */,
				764DCD741F1BE1B000301008 /* Frameworks */,
				764DCD751F1BE1B000301008 /* Resources */,
			);
			buildRules = (
			);
			dependencies = (
			);
			name = SpriteTutorial;
			productName = SpriteTutorial;
			productReference = 764DCD771F1BE1B000301008 /* SpriteTutorial.app */;
			productType = "com.apple.product-type.application";
		};
/* End PBXNativeTarget section */

/* Begin PBXProject section */
		764DCD6F1F1BE1B000301008 /* Project object */ = {
			isa = PBXProject;
			attributes = {
				LastSwiftUpdateCheck = 0730;
				LastUpgradeCheck = 0730;
				ORGANIZATIONNAME = com.vangeli;
				TargetAttributes = {
					764DCD761F1BE1B000301008 = {
						CreatedOnToolsVersion = 7.3.1;
					};
				};
			};
			buildConfigurationList = 764DCD721F1BE1B000301008 /* Build configuration list for PBXProject "SpriteTutorial" */;
			compatibilityVersion = "Xcode 3.2";
			developmentRegion = English;
			hasScannedForEncodings = 0;
			knownRegions = (
				en,
				Base,
			);
			mainGroup = 764DCD6E1F1BE1B000301008;
			productRefGroup = 764DCD781F1BE1B000301008 /* Products */;
			projectDirPath = "";
			projectRoot = "";
			targets = (
				764DCD761F1BE1B000301008 /* SpriteTutorial */,
			);
		};
/* End PBXProject section */

/* Begin PBXResourcesBuildPhase section */
		764DCD751F1BE1B000301008 /* Resources */ = {
			isa = PBXResourcesBuildPhase;
			buildActionMask = 2147483647;
			files = (
				764DCD871F1BE1B000301008 /* LaunchScreen.storyboard in Resources */,
				764DCD841F1BE1B000301008 /* Assets.xcassets in Resources */,
				769EC8061F1C65D000541ACD /* loading.atlas in Resources */,
				764DCD821F1BE1B000301008 /* Main.storyboard in Resources */,
				769EC8041F1C577A00541ACD /* explosion.atlas in Resources */,
				764DCD931F1BE8C600301008 /* BearImages.atlas in Resources */,
			);
			runOnlyForDeploymentPostprocessing = 0;
		};
/* End PBXResourcesBuildPhase section */

/* Begin PBXSourcesBuildPhase section */
		764DCD731F1BE1B000301008 /* Sources */ = {
			isa = PBXSourcesBuildPhase;
			buildActionMask = 2147483647;
			files = (
				769EC80F1F1C791700541ACD /* LoadingPresentationAnimator.swift in Sources */,
				769EC80A1F1C6E4300541ACD /* InitialViewController.swift in Sources */,
				764DCD8F1F1BE4D800301008 /* GameScene.swift in Sources */,
				769EC8081F1C6DD000541ACD /* LoadingTransitioningManager.swift in Sources */,
				764DCD7F1F1BE1B000301008 /* GameViewController.swift in Sources */,
				769EC80D1F1C711B00541ACD /* LoadingPresentationController.swift in Sources */,
				764DCD7B1F1BE1B000301008 /* AppDelegate.swift in Sources */,
			);
			runOnlyForDeploymentPostprocessing = 0;
		};
/* End PBXSourcesBuildPhase section */

/* Begin PBXVariantGroup section */
		764DCD801F1BE1B000301008 /* Main.storyboard */ = {
			isa = PBXVariantGroup;
			children = (
				764DCD811F1BE1B000301008 /* Base */,
			);
			name = Main.storyboard;
			sourceTree = "<group>";
		};
		764DCD851F1BE1B000301008 /* LaunchScreen.storyboard */ = {
			isa = PBXVariantGroup;
			children = (
				764DCD861F1BE1B000301008 /* Base */,
			);
			name = LaunchScreen.storyboard;
			sourceTree = "<group>";
		};
/* End PBXVariantGroup section */

/* Begin XCBuildConfiguration section */
		764DCD891F1BE1B000301008 /* Debug */ = {
			isa = XCBuildConfiguration;
			buildSettings = {
				ALWAYS_SEARCH_USER_PATHS = NO;
				CLANG_ANALYZER_NONNULL = YES;
				CLANG_CXX_LANGUAGE_STANDARD = "gnu++0x";
				CLANG_CXX_LIBRARY = "libc++";
				CLANG_ENABLE_MODULES = YES;
				CLANG_ENABLE_OBJC_ARC = YES;
				CLANG_WARN_BOOL_CONVERSION = YES;
				CLANG_WARN_CONSTANT_CONVERSION = YES;
				CLANG_WARN_DIRECT_OBJC_ISA_USAGE = YES_ERROR;
				CLANG_WARN_EMPTY_BODY = YES;
				CLANG_WARN_ENUM_CONVERSION = YES;
				CLANG_WARN_INT_CONVERSION = YES;
				CLANG_WARN_OBJC_ROOT_CLASS = YES_ERROR;
				CLANG_WARN_UNREACHABLE_CODE = YES;
				CLANG_WARN__DUPLICATE_METHOD_MATCH = YES;
				"CODE_SIGN_IDENTITY[sdk=iphoneos*]" = "iPhone Developer";
				COPY_PHASE_STRIP = NO;
				DEBUG_INFORMATION_FORMAT = "dwarf-with-dsym";
				ENABLE_STRICT_OBJC_MSGSEND = YES;
				ENABLE_TESTABILITY = YES;
				GCC_C_LANGUAGE_STANDARD = gnu99;
				GCC_DYNAMIC_NO_PIC = NO;
				GCC_NO_COMMON_BLOCKS = YES;
				GCC_OPTIMIZATION_LEVEL = 0;
				GCC_PREPROCESSOR_DEFINITIONS = (
					"DEBUG=1",
					"$(inherited)",
				);
				GCC_WARN_64_TO_32_BIT_CONVERSION = YES;
				GCC_WARN_ABOUT_RETURN_TYPE = YES_ERROR;
				GCC_WARN_UNDECLARED_SELECTOR = YES;
				GCC_WARN_UNINITIALIZED_AUTOS = YES_AGGRESSIVE;
				GCC_WARN_UNUSED_FUNCTION = YES;
				GCC_WARN_UNUSED_VARIABLE = YES;
				IPHONEOS_DEPLOYMENT_TARGET = 9.3;
				MTL_ENABLE_DEBUG_INFO = YES;
				ONLY_ACTIVE_ARCH = YES;
				SDKROOT = iphoneos;
				SWIFT_OPTIMIZATION_LEVEL = "-Onone";
				TARGETED_DEVICE_FAMILY = "1,2";
			};
			name = Debug;
		};
		764DCD8A1F1BE1B000301008 /* Release */ = {
			isa = XCBuildConfiguration;
			buildSettings = {
				ALWAYS_SEARCH_USER_PATHS = NO;
				CLANG_ANALYZER_NONNULL = YES;
				CLANG_CXX_LANGUAGE_STANDARD = "gnu++0x";
				CLANG_CXX_LIBRARY = "libc++";
				CLANG_ENABLE_MODULES = YES;
				CLANG_ENABLE_OBJC_ARC = YES;
				CLANG_WARN_BOOL_CONVERSION = YES;
				CLANG_WARN_CONSTANT_CONVERSION = YES;
				CLANG_WARN_DIRECT_OBJC_ISA_USAGE = YES_ERROR;
				CLANG_WARN_EMPTY_BODY = YES;
				CLANG_WARN_ENUM_CONVERSION = YES;
				CLANG_WARN_INT_CONVERSION = YES;
				CLANG_WARN_OBJC_ROOT_CLASS = YES_ERROR;
				CLANG_WARN_UNREACHABLE_CODE = YES;
				CLANG_WARN__DUPLICATE_METHOD_MATCH = YES;
				"CODE_SIGN_IDENTITY[sdk=iphoneos*]" = "iPhone Developer";
				COPY_PHASE_STRIP = NO;
				DEBUG_INFORMATION_FORMAT = "dwarf-with-dsym";
				ENABLE_NS_ASSERTIONS = NO;
				ENABLE_STRICT_OBJC_MSGSEND = YES;
				GCC_C_LANGUAGE_STANDARD = gnu99;
				GCC_NO_COMMON_BLOCKS = YES;
				GCC_WARN_64_TO_32_BIT_CONVERSION = YES;
				GCC_WARN_ABOUT_RETURN_TYPE = YES_ERROR;
				GCC_WARN_UNDECLARED_SELECTOR = YES;
				GCC_WARN_UNINITIALIZED_AUTOS = YES_AGGRESSIVE;
				GCC_WARN_UNUSED_FUNCTION = YES;
				GCC_WARN_UNUSED_VARIABLE = YES;
				IPHONEOS_DEPLOYMENT_TARGET = 9.3;
				MTL_ENABLE_DEBUG_INFO = NO;
				SDKROOT = iphoneos;
				TARGETED_DEVICE_FAMILY = "1,2";
				VALIDATE_PRODUCT = YES;
			};
			name = Release;
		};
		764DCD8C1F1BE1B000301008 /* Debug */ = {
			isa = XCBuildConfiguration;
			buildSettings = {
				ASSETCATALOG_COMPILER_APPICON_NAME = AppIcon;
				INFOPLIST_FILE = SpriteTutorial/Info.plist;
				LD_RUNPATH_SEARCH_PATHS = "$(inherited) @executable_path/Frameworks";
				PRODUCT_BUNDLE_IDENTIFIER = "Vangeli-Ontiveros.SpriteTutorial";
				PRODUCT_NAME = "$(TARGET_NAME)";
			};
			name = Debug;
		};
		764DCD8D1F1BE1B000301008 /* Release */ = {
			isa = XCBuildConfiguration;
			buildSettings = {
				ASSETCATALOG_COMPILER_APPICON_NAME = AppIcon;
				INFOPLIST_FILE = SpriteTutorial/Info.plist;
				LD_RUNPATH_SEARCH_PATHS = "$(inherited) @executable_path/Frameworks";
				PRODUCT_BUNDLE_IDENTIFIER = "Vangeli-Ontiveros.SpriteTutorial";
				PRODUCT_NAME = "$(TARGET_NAME)";
			};
			name = Release;
		};
/* End XCBuildConfiguration section */

/* Begin XCConfigurationList section */
		764DCD721F1BE1B000301008 /* Build configuration list for PBXProject "SpriteTutorial" */ = {
			isa = XCConfigurationList;
			buildConfigurations = (
				764DCD891F1BE1B000301008 /* Debug */,
				764DCD8A1F1BE1B000301008 /* Release */,
			);
			defaultConfigurationIsVisible = 0;
			defaultConfigurationName = Release;
		};
		764DCD8B1F1BE1B000301008 /* Build configuration list for PBXNativeTarget "SpriteTutorial" */ = {
			isa = XCConfigurationList;
			buildConfigurations = (
				764DCD8C1F1BE1B000301008 /* Debug */,
				764DCD8D1F1BE1B000301008 /* Release */,
			);
			defaultConfigurationIsVisible = 0;
			defaultConfigurationName = Release;
		};
/* End XCConfigurationList section */
	};
	rootObject = 764DCD6F1F1BE1B000301008 /* Project object */;
}
